{
  "nodes": {
    "nixpkgs": {
      "locked": {
        "lastModified": 1754122398,
        "narHash": "sha256-CyIrZ68gVLSZGa2ERK7zc2dGabvWp2A8PM6PII9M7gI=",
        "owner": "NixOS",
        "repo": "nixpkgs",
        "rev": "c02d05bcf73fb496c604798c2268ed424a09e73e",
        "type": "github"
      },
      "original": {
        "owner": "NixOS",
        "ref": "nixpkgs-unstable",
        "repo": "nixpkgs",
        "type": "github"
      }
    },
    "root": {
      "inputs": {
        "nixpkgs": "nixpkgs",
        "zmk-nix": "zmk-nix"
      }
    },
    "zmk-nix": {
      "inputs": {
        "nixpkgs": [
          "nixpkgs"
        ]
      },
      "locked": {
        "lastModified": 1754179936,
        "narHash": "sha256-oj+wFFDsMyyWlrlGxfFN6IZWEM4n1nwPSdE52x6wKVo=",
        "owner": "lilyinstarlight",
        "repo": "zmk-nix",
        "rev": "f6975f65637e0815c6f9f87855348457609e1e74",
        "type": "github"
      },
      "original": {
        "owner": "lilyinstarlight",
        "repo": "zmk-nix",
        "type": "github"
      }
    }
  },
  "root": "root",
  "version": 7
}
